
Microsoft Visual Studio Solution File, Format Version 12.00
# Visual Studio Version 17
VisualStudioVersion = 17.7.34031.279
MinimumVisualStudioVersion = 10.0.40219.1
Project("{9A19103F-16F7-4668-BE54-9A1E7A4F7556}") = "VoceaUniversitatii", "VoceaUniversitatii\VoceaUniversitatii.csproj", "{077A3F47-2FBB-4579-AB41-E4501DFFADC3}"
EndProject
Project("{9A19103F-16F7-4668-BE54-9A1E7A4F7556}") = "VoceaUniversitatiiUnitTesting", "VoceaUniversitatiiUnitTesting\VoceaUniversitatiiUnitTesting.csproj", "{B32A475C-A07D-49E9-B9DB-F9DB63829E67}"
EndProject
Project("{9A19103F-16F7-4668-BE54-9A1E7A4F7556}") = "VoceaUniversitatiiIntegrationTesting", "VoceaUniversitatiiIntegrationTesting\VoceaUniversitatiiIntegrationTesting.csproj", "{DD9BAE34-C35E-45D3-9B25-A1D0832381AF}"
EndProject
Project("{2150E333-8FDC-42A3-9474-1A3956D46DE8}") = "Solution Items", "Solution Items", "{15EA2520-64BA-4213-B3F5-10C79D0A39C2}"
EndProject
Project("{FAE04EC0-301F-11D3-BF4B-00C04F79EFBC}") = "LegacyDatabaseMigration", "LegacyDatabaseMigration\LegacyDatabaseMigration.csproj", "{7774EFC7-7BD6-41F2-B6A8-9653AD391916}"
EndProject
Project("{FAE04EC0-301F-11D3-BF4B-00C04F79EFBC}") = "VoceaUniversitatiiMigrations", "VoceaUniversitatiiMigrations\VoceaUniversitatiiMigrations.csproj", "{06FF6F51-54A4-4660-B194-2E3FA26DD097}"
EndProject
Project("{FAE04EC0-301F-11D3-BF4B-00C04F79EFBC}") = "VoceaUniversitatiiDataModels", "VoceaUniversitatiiDataModels\VoceaUniversitatiiDataModels.csproj", "{067C70E8-DC49-467D-AD26-EF28EAEAADB0}"
EndProject
Project("{FAE04EC0-301F-11D3-BF4B-00C04F79EFBC}") = "VoceaUniversitatiiConfigurations", "VoceaUniversitatiiConfigurations\VoceaUniversitatiiConfigurations.csproj", "{E1E1CFB7-D956-4AB2-ADC1-217C9B29C950}"
EndProject
Global
	GlobalSection(SolutionConfigurationPlatforms) = preSolution
		Debug|Any CPU = Debug|Any CPU
		Release|Any CPU = Release|Any CPU
	EndGlobalSection
	GlobalSection(ProjectConfigurationPlatforms) = postSolution
		{077A3F47-2FBB-4579-AB41-E4501DFFADC3}.Debug|Any CPU.ActiveCfg = Debug|Any CPU
		{077A3F47-2FBB-4579-AB41-E4501DFFADC3}.Debug|Any CPU.Build.0 = Debug|Any CPU
		{077A3F47-2FBB-4579-AB41-E4501DFFADC3}.Release|Any CPU.ActiveCfg = Release|Any CPU
		{077A3F47-2FBB-4579-AB41-E4501DFFADC3}.Release|Any CPU.Build.0 = Release|Any CPU
		{B32A475C-A07D-49E9-B9DB-F9DB63829E67}.Debug|Any CPU.ActiveCfg = Debug|Any CPU
		{B32A475C-A07D-49E9-B9DB-F9DB63829E67}.Debug|Any CPU.Build.0 = Debug|Any CPU
		{B32A475C-A07D-49E9-B9DB-F9DB63829E67}.Release|Any CPU.ActiveCfg = Release|Any CPU
		{B32A475C-A07D-49E9-B9DB-F9DB63829E67}.Release|Any CPU.Build.0 = Release|Any CPU
		{DD9BAE34-C35E-45D3-9B25-A1D0832381AF}.Debug|Any CPU.ActiveCfg = Debug|Any CPU
		{DD9BAE34-C35E-45D3-9B25-A1D0832381AF}.Debug|Any CPU.Build.0 = Debug|Any CPU
		{DD9BAE34-C35E-45D3-9B25-A1D0832381AF}.Release|Any CPU.ActiveCfg = Release|Any CPU
		{DD9BAE34-C35E-45D3-9B25-A1D0832381AF}.Release|Any CPU.Build.0 = Release|Any CPU
		{7774EFC7-7BD6-41F2-B6A8-9653AD391916}.Debug|Any CPU.ActiveCfg = Debug|Any CPU
		{7774EFC7-7BD6-41F2-B6A8-9653AD391916}.Debug|Any CPU.Build.0 = Debug|Any CPU
		{7774EFC7-7BD6-41F2-B6A8-9653AD391916}.Release|Any CPU.ActiveCfg = Release|Any CPU
		{7774EFC7-7BD6-41F2-B6A8-9653AD391916}.Release|Any CPU.Build.0 = Release|Any CPU
		{06FF6F51-54A4-4660-B194-2E3FA26DD097}.Debug|Any CPU.ActiveCfg = Debug|Any CPU
		{06FF6F51-54A4-4660-B194-2E3FA26DD097}.Debug|Any CPU.Build.0 = Debug|Any CPU
		{06FF6F51-54A4-4660-B194-2E3FA26DD097}.Release|Any CPU.ActiveCfg = Release|Any CPU
		{06FF6F51-54A4-4660-B194-2E3FA26DD097}.Release|Any CPU.Build.0 = Release|Any CPU
		{067C70E8-DC49-467D-AD26-EF28EAEAADB0}.Debug|Any CPU.ActiveCfg = Debug|Any CPU
		{067C70E8-DC49-467D-AD26-EF28EAEAADB0}.Debug|Any CPU.Build.0 = Debug|Any CPU
		{067C70E8-DC49-467D-AD26-EF28EAEAADB0}.Release|Any CPU.ActiveCfg = Release|Any CPU
		{067C70E8-DC49-467D-AD26-EF28EAEAADB0}.Release|Any CPU.Build.0 = Release|Any CPU
		{E1E1CFB7-D956-4AB2-ADC1-217C9B29C950}.Debug|Any CPU.ActiveCfg = Debug|Any CPU
		{E1E1CFB7-D956-4AB2-ADC1-217C9B29C950}.Debug|Any CPU.Build.0 = Debug|Any CPU
		{E1E1CFB7-D956-4AB2-ADC1-217C9B29C950}.Release|Any CPU.ActiveCfg = Release|Any CPU
		{E1E1CFB7-D956-4AB2-ADC1-217C9B29C950}.Release|Any CPU.Build.0 = Release|Any CPU
	EndGlobalSection
	GlobalSection(SolutionProperties) = preSolution
		HideSolutionNode = FALSE
	EndGlobalSection
	GlobalSection(ExtensibilityGlobals) = postSolution
		SolutionGuid = {EE013EB1-F250-4413-8BC8-29906A3F386C}
	EndGlobalSection
EndGlobal
